
Microsoft Visual Studio Solution File, Format Version 12.00
# Visual Studio Version 17
VisualStudioVersion = 17.9.34616.47
MinimumVisualStudioVersion = 10.0.40219.1
Project("{FAE04EC0-301F-11D3-BF4B-00C04F79EFBC}") = "Nyelviskola_KPB", "Nyelviskola_KPB\Nyelviskola_KPB.csproj", "{721FD496-FB03-4280-8BED-303EB666E7B7}"
EndProject
Project("{FAE04EC0-301F-11D3-BF4B-00C04F79EFBC}") = "Nyelviskola_Lib", "Nyelviskola_Lib\Nyelviskola_Lib.csproj", "{AEE1AD9C-D68E-4C79-9072-DA490859A176}"
EndProject
Project("{FAE04EC0-301F-11D3-BF4B-00C04F79EFBC}") = "NyelviskolaGUI", "NyelviskolaGUI\NyelviskolaGUI.csproj", "{78E3C4C8-24E2-4003-8ADC-B628FCB0F2F4}"
EndProject
Global
	GlobalSection(SolutionConfigurationPlatforms) = preSolution
		Debug|Any CPU = Debug|Any CPU
		Release|Any CPU = Release|Any CPU
	EndGlobalSection
	GlobalSection(ProjectConfigurationPlatforms) = postSolution
		{721FD496-FB03-4280-8BED-303EB666E7B7}.Debug|Any CPU.ActiveCfg = Debug|Any CPU
		{721FD496-FB03-4280-8BED-303EB666E7B7}.Debug|Any CPU.Build.0 = Debug|Any CPU
		{721FD496-FB03-4280-8BED-303EB666E7B7}.Release|Any CPU.ActiveCfg = Release|Any CPU
		{721FD496-FB03-4280-8BED-303EB666E7B7}.Release|Any CPU.Build.0 = Release|Any CPU
		{AEE1AD9C-D68E-4C79-9072-DA490859A176}.Debug|Any CPU.ActiveCfg = Debug|Any CPU
		{AEE1AD9C-D68E-4C79-9072-DA490859A176}.Debug|Any CPU.Build.0 = Debug|Any CPU
		{AEE1AD9C-D68E-4C79-9072-DA490859A176}.Release|Any CPU.ActiveCfg = Release|Any CPU
		{AEE1AD9C-D68E-4C79-9072-DA490859A176}.Release|Any CPU.Build.0 = Release|Any CPU
		{78E3C4C8-24E2-4003-8ADC-B628FCB0F2F4}.Debug|Any CPU.ActiveCfg = Debug|Any CPU
		{78E3C4C8-24E2-4003-8ADC-B628FCB0F2F4}.Debug|Any CPU.Build.0 = Debug|Any CPU
		{78E3C4C8-24E2-4003-8ADC-B628FCB0F2F4}.Release|Any CPU.ActiveCfg = Release|Any CPU
		{78E3C4C8-24E2-4003-8ADC-B628FCB0F2F4}.Release|Any CPU.Build.0 = Release|Any CPU
	EndGlobalSection
	GlobalSection(SolutionProperties) = preSolution
		HideSolutionNode = FALSE
	EndGlobalSection
	GlobalSection(ExtensibilityGlobals) = postSolution
		SolutionGuid = {1987E22E-FA70-476B-864C-CACEBF785C8A}
	EndGlobalSection
EndGlobal
